{
  "name": "roadmap",
  "version": "1.0.0",
  "lockfileVersion": 1,
  "requires": true,
  "dependencies": {
    "sierra-library": {
      "version": "3.5.0",
      "resolved": "https://registry.npmjs.org/sierra-library/-/sierra-library-3.5.0.tgz",
      "integrity": "sha512-Di7qFQYxIDdvcUcscAcMAcG20XHppbk605BFogV/zldCjdDx01VL2UIJPMQ5FWRnsRvoDxgSgoRaYFVcmmTidA==",
      "dev": true
    }
  }
}
